
Microsoft Visual Studio Solution File, Format Version 12.00
# Visual Studio Version 16
VisualStudioVersion = 16.0.31515.178
MinimumVisualStudioVersion = 10.0.40219.1
Project("{FAE04EC0-301F-11D3-BF4B-00C04F79EFBC}") = "LangFSExporter", "LangFSExporter.csproj", "{1E8D158F-81B6-4E2D-9CF5-5F6C4D1594F7}"
EndProject
Global
	GlobalSection(SolutionConfigurationPlatforms) = preSolution
		Debug|Any CPU = Debug|Any CPU
		Release|Any CPU = Release|Any CPU
	EndGlobalSection
	GlobalSection(ProjectConfigurationPlatforms) = postSolution
		{1E8D158F-81B6-4E2D-9CF5-5F6C4D1594F7}.Debug|Any CPU.ActiveCfg = Debug|Any CPU
		{1E8D158F-81B6-4E2D-9CF5-5F6C4D1594F7}.Debug|Any CPU.Build.0 = Debug|Any CPU
		{1E8D158F-81B6-4E2D-9CF5-5F6C4D1594F7}.Release|Any CPU.ActiveCfg = Release|Any CPU
		{1E8D158F-81B6-4E2D-9CF5-5F6C4D1594F7}.Release|Any CPU.Build.0 = Release|Any CPU
	EndGlobalSection
	GlobalSection(SolutionProperties) = preSolution
		HideSolutionNode = FALSE
	EndGlobalSection
	GlobalSection(ExtensibilityGlobals) = postSolution
		SolutionGuid = {96D4544E-0E33-49E5-9119-3A839FD3C62F}
	EndGlobalSection
EndGlobal
